
Microsoft Visual Studio Solution File, Format Version 12.00
# Visual Studio Version 17
VisualStudioVersion = 17.5.002.0
MinimumVisualStudioVersion = 10.0.40219.1
Project("{9A19103F-16F7-4668-BE54-9A1E7A4F7556}") = "WebApiCase", "WebApiCase.csproj", "{1846583D-F2E8-4F73-B3B8-13F2B19E9987}"
EndProject
Global
	GlobalSection(SolutionConfigurationPlatforms) = preSolution
		Debug|Any CPU = Debug|Any CPU
		Release|Any CPU = Release|Any CPU
	EndGlobalSection
	GlobalSection(ProjectConfigurationPlatforms) = postSolution
		{1846583D-F2E8-4F73-B3B8-13F2B19E9987}.Debug|Any CPU.ActiveCfg = Debug|Any CPU
		{1846583D-F2E8-4F73-B3B8-13F2B19E9987}.Debug|Any CPU.Build.0 = Debug|Any CPU
		{1846583D-F2E8-4F73-B3B8-13F2B19E9987}.Release|Any CPU.ActiveCfg = Release|Any CPU
		{1846583D-F2E8-4F73-B3B8-13F2B19E9987}.Release|Any CPU.Build.0 = Release|Any CPU
	EndGlobalSection
	GlobalSection(SolutionProperties) = preSolution
		HideSolutionNode = FALSE
	EndGlobalSection
	GlobalSection(ExtensibilityGlobals) = postSolution
		SolutionGuid = {F3A76F91-AA60-411A-AE7D-FDCE7D8089E5}
	EndGlobalSection
EndGlobal
